
Microsoft Visual Studio Solution File, Format Version 12.00
# Visual Studio 15
VisualStudioVersion = 15.0.35213.121
MinimumVisualStudioVersion = 10.0.40219.1
Project("{FAE04EC0-301F-11D3-BF4B-00C04F79EFBC}") = "Kitap_Yazar_ikili", "Kitap_Yazar_ikili\Kitap_Yazar_ikili.csproj", "{3FA3AB86-0E63-4CAF-94B5-35893FF5667B}"
EndProject
Global
	GlobalSection(SolutionConfigurationPlatforms) = preSolution
		Debug|Any CPU = Debug|Any CPU
		Release|Any CPU = Release|Any CPU
	EndGlobalSection
	GlobalSection(ProjectConfigurationPlatforms) = postSolution
		{3FA3AB86-0E63-4CAF-94B5-35893FF5667B}.Debug|Any CPU.ActiveCfg = Debug|Any CPU
		{3FA3AB86-0E63-4CAF-94B5-35893FF5667B}.Debug|Any CPU.Build.0 = Debug|Any CPU
		{3FA3AB86-0E63-4CAF-94B5-35893FF5667B}.Release|Any CPU.ActiveCfg = Release|Any CPU
		{3FA3AB86-0E63-4CAF-94B5-35893FF5667B}.Release|Any CPU.Build.0 = Release|Any CPU
	EndGlobalSection
	GlobalSection(SolutionProperties) = preSolution
		HideSolutionNode = FALSE
	EndGlobalSection
	GlobalSection(ExtensibilityGlobals) = postSolution
		SolutionGuid = {5AAC4A03-7570-4226-8CFB-F0CE0F6E591F}
	EndGlobalSection
EndGlobal
