
Microsoft Visual Studio Solution File, Format Version 12.00
# Visual Studio 15
VisualStudioVersion = 15.0.35213.121
MinimumVisualStudioVersion = 10.0.40219.1
Project("{FAE04EC0-301F-11D3-BF4B-00C04F79EFBC}") = "Otomobil_Motor", "Otomobil_Motor\Otomobil_Motor.csproj", "{D89D4B02-A46E-47EA-8CD4-60B69DCAAA33}"
EndProject
Global
	GlobalSection(SolutionConfigurationPlatforms) = preSolution
		Debug|Any CPU = Debug|Any CPU
		Release|Any CPU = Release|Any CPU
	EndGlobalSection
	GlobalSection(ProjectConfigurationPlatforms) = postSolution
		{D89D4B02-A46E-47EA-8CD4-60B69DCAAA33}.Debug|Any CPU.ActiveCfg = Debug|Any CPU
		{D89D4B02-A46E-47EA-8CD4-60B69DCAAA33}.Debug|Any CPU.Build.0 = Debug|Any CPU
		{D89D4B02-A46E-47EA-8CD4-60B69DCAAA33}.Release|Any CPU.ActiveCfg = Release|Any CPU
		{D89D4B02-A46E-47EA-8CD4-60B69DCAAA33}.Release|Any CPU.Build.0 = Release|Any CPU
	EndGlobalSection
	GlobalSection(SolutionProperties) = preSolution
		HideSolutionNode = FALSE
	EndGlobalSection
	GlobalSection(ExtensibilityGlobals) = postSolution
		SolutionGuid = {3626DFFA-81A9-470E-BEDB-D298C6D28010}
	EndGlobalSection
EndGlobal
