
Microsoft Visual Studio Solution File, Format Version 12.00
# Visual Studio 15
VisualStudioVersion = 15.0.35213.121
MinimumVisualStudioVersion = 10.0.40219.1
Project("{FAE04EC0-301F-11D3-BF4B-00C04F79EFBC}") = "Kutuphane_Kitap", "Kutuphane_Kitap\Kutuphane_Kitap.csproj", "{D0793A3F-45B8-4113-9BED-C347186DFC70}"
EndProject
Global
	GlobalSection(SolutionConfigurationPlatforms) = preSolution
		Debug|Any CPU = Debug|Any CPU
		Release|Any CPU = Release|Any CPU
	EndGlobalSection
	GlobalSection(ProjectConfigurationPlatforms) = postSolution
		{D0793A3F-45B8-4113-9BED-C347186DFC70}.Debug|Any CPU.ActiveCfg = Debug|Any CPU
		{D0793A3F-45B8-4113-9BED-C347186DFC70}.Debug|Any CPU.Build.0 = Debug|Any CPU
		{D0793A3F-45B8-4113-9BED-C347186DFC70}.Release|Any CPU.ActiveCfg = Release|Any CPU
		{D0793A3F-45B8-4113-9BED-C347186DFC70}.Release|Any CPU.Build.0 = Release|Any CPU
	EndGlobalSection
	GlobalSection(SolutionProperties) = preSolution
		HideSolutionNode = FALSE
	EndGlobalSection
	GlobalSection(ExtensibilityGlobals) = postSolution
		SolutionGuid = {BC05C5B2-67F4-46E5-84B4-F62E560B7E63}
	EndGlobalSection
EndGlobal
